
Microsoft Visual Studio Solution File, Format Version 12.00
# Visual Studio Version 17
VisualStudioVersion = 17.10.35027.167
MinimumVisualStudioVersion = 10.0.40219.1
Project("{2150E333-8FDC-42A3-9474-1A3956D46DE8}") = "Services", "Services", "{50EC8F7D-7C00-4784-A8A8-4A211DCEF2E9}"
EndProject
Project("{2150E333-8FDC-42A3-9474-1A3956D46DE8}") = "Catalogo", "Catalogo", "{4E877062-90F1-4F20-9FF8-D3E710B20223}"
EndProject
Project("{2150E333-8FDC-42A3-9474-1A3956D46DE8}") = "Core", "Core", "{6448F61F-BB89-44A6-A35C-8E88EA846E43}"
EndProject
Project("{FAE04EC0-301F-11D3-BF4B-00C04F79EFBC}") = "NerdStote.Catalogo.Domain", "src\NerdStote.Catalogo.Domain\NerdStote.Catalogo.Domain.csproj", "{65B3F1C1-C660-41A7-A906-2BD52CC379D5}"
EndProject
Project("{FAE04EC0-301F-11D3-BF4B-00C04F79EFBC}") = "NerdStore.Core", "src\NerdStore.Core\NerdStore.Core.csproj", "{AC1FECC7-F58C-47C6-B53B-522FE20E1B09}"
EndProject
Project("{2150E333-8FDC-42A3-9474-1A3956D46DE8}") = "Tests", "Tests", "{E560C455-4303-4E31-BF9B-50264B130095}"
EndProject
Project("{FAE04EC0-301F-11D3-BF4B-00C04F79EFBC}") = "NerdStore.catalogo.Domain.Tests", "tests\NerdStore.catalogo.Domain.Tests\NerdStore.catalogo.Domain.Tests.csproj", "{A0FA7173-7B2D-4AFB-93AB-5882AECBF307}"
EndProject
Project("{FAE04EC0-301F-11D3-BF4B-00C04F79EFBC}") = "NerdStore.Catalogo.Data", "src\NerdStore.Catalogo.Data\NerdStore.Catalogo.Data.csproj", "{A96D8AC6-5E39-4255-A521-C718A79E0906}"
EndProject
Project("{FAE04EC0-301F-11D3-BF4B-00C04F79EFBC}") = "NerdStore.Catalogo.Application", "src\NerdStore.Catalogo.Application\NerdStore.Catalogo.Application.csproj", "{59A72FB6-9EC0-4391-9E19-A887A5B022FC}"
EndProject
Global
	GlobalSection(SolutionConfigurationPlatforms) = preSolution
		Debug|Any CPU = Debug|Any CPU
		Release|Any CPU = Release|Any CPU
	EndGlobalSection
	GlobalSection(ProjectConfigurationPlatforms) = postSolution
		{65B3F1C1-C660-41A7-A906-2BD52CC379D5}.Debug|Any CPU.ActiveCfg = Debug|Any CPU
		{65B3F1C1-C660-41A7-A906-2BD52CC379D5}.Debug|Any CPU.Build.0 = Debug|Any CPU
		{65B3F1C1-C660-41A7-A906-2BD52CC379D5}.Release|Any CPU.ActiveCfg = Release|Any CPU
		{65B3F1C1-C660-41A7-A906-2BD52CC379D5}.Release|Any CPU.Build.0 = Release|Any CPU
		{AC1FECC7-F58C-47C6-B53B-522FE20E1B09}.Debug|Any CPU.ActiveCfg = Debug|Any CPU
		{AC1FECC7-F58C-47C6-B53B-522FE20E1B09}.Debug|Any CPU.Build.0 = Debug|Any CPU
		{AC1FECC7-F58C-47C6-B53B-522FE20E1B09}.Release|Any CPU.ActiveCfg = Release|Any CPU
		{AC1FECC7-F58C-47C6-B53B-522FE20E1B09}.Release|Any CPU.Build.0 = Release|Any CPU
		{A0FA7173-7B2D-4AFB-93AB-5882AECBF307}.Debug|Any CPU.ActiveCfg = Debug|Any CPU
		{A0FA7173-7B2D-4AFB-93AB-5882AECBF307}.Debug|Any CPU.Build.0 = Debug|Any CPU
		{A0FA7173-7B2D-4AFB-93AB-5882AECBF307}.Release|Any CPU.ActiveCfg = Release|Any CPU
		{A0FA7173-7B2D-4AFB-93AB-5882AECBF307}.Release|Any CPU.Build.0 = Release|Any CPU
		{A96D8AC6-5E39-4255-A521-C718A79E0906}.Debug|Any CPU.ActiveCfg = Debug|Any CPU
		{A96D8AC6-5E39-4255-A521-C718A79E0906}.Debug|Any CPU.Build.0 = Debug|Any CPU
		{A96D8AC6-5E39-4255-A521-C718A79E0906}.Release|Any CPU.ActiveCfg = Release|Any CPU
		{A96D8AC6-5E39-4255-A521-C718A79E0906}.Release|Any CPU.Build.0 = Release|Any CPU
		{59A72FB6-9EC0-4391-9E19-A887A5B022FC}.Debug|Any CPU.ActiveCfg = Debug|Any CPU
		{59A72FB6-9EC0-4391-9E19-A887A5B022FC}.Debug|Any CPU.Build.0 = Debug|Any CPU
		{59A72FB6-9EC0-4391-9E19-A887A5B022FC}.Release|Any CPU.ActiveCfg = Release|Any CPU
		{59A72FB6-9EC0-4391-9E19-A887A5B022FC}.Release|Any CPU.Build.0 = Release|Any CPU
	EndGlobalSection
	GlobalSection(SolutionProperties) = preSolution
		HideSolutionNode = FALSE
	EndGlobalSection
	GlobalSection(NestedProjects) = preSolution
		{4E877062-90F1-4F20-9FF8-D3E710B20223} = {50EC8F7D-7C00-4784-A8A8-4A211DCEF2E9}
		{6448F61F-BB89-44A6-A35C-8E88EA846E43} = {50EC8F7D-7C00-4784-A8A8-4A211DCEF2E9}
		{65B3F1C1-C660-41A7-A906-2BD52CC379D5} = {4E877062-90F1-4F20-9FF8-D3E710B20223}
		{AC1FECC7-F58C-47C6-B53B-522FE20E1B09} = {6448F61F-BB89-44A6-A35C-8E88EA846E43}
		{E560C455-4303-4E31-BF9B-50264B130095} = {4E877062-90F1-4F20-9FF8-D3E710B20223}
		{A0FA7173-7B2D-4AFB-93AB-5882AECBF307} = {E560C455-4303-4E31-BF9B-50264B130095}
		{A96D8AC6-5E39-4255-A521-C718A79E0906} = {4E877062-90F1-4F20-9FF8-D3E710B20223}
		{59A72FB6-9EC0-4391-9E19-A887A5B022FC} = {4E877062-90F1-4F20-9FF8-D3E710B20223}
	EndGlobalSection
	GlobalSection(ExtensibilityGlobals) = postSolution
		SolutionGuid = {BAC2D842-94F4-4328-855C-0DA9C084D8B2}
	EndGlobalSection
EndGlobal
