
Microsoft Visual Studio Solution File, Format Version 12.00
# Visual Studio Version 17
VisualStudioVersion = 17.10.35027.167
MinimumVisualStudioVersion = 10.0.40219.1
Project("{2150E333-8FDC-42A3-9474-1A3956D46DE8}") = "Services", "Services", "{50EC8F7D-7C00-4784-A8A8-4A211DCEF2E9}"
EndProject
Project("{2150E333-8FDC-42A3-9474-1A3956D46DE8}") = "WebApps", "WebApps", "{ED9BE098-112B-4811-BE91-C11E31BCB7B7}"
EndProject
Project("{2150E333-8FDC-42A3-9474-1A3956D46DE8}") = "Cadastros", "Cadastros", "{07F12B3B-7C75-4CBE-88A4-0750E6680D52}"
EndProject
Project("{2150E333-8FDC-42A3-9474-1A3956D46DE8}") = "Catalogo", "Catalogo", "{4E877062-90F1-4F20-9FF8-D3E710B20223}"
EndProject
Project("{2150E333-8FDC-42A3-9474-1A3956D46DE8}") = "Core", "Core", "{6448F61F-BB89-44A6-A35C-8E88EA846E43}"
EndProject
Project("{2150E333-8FDC-42A3-9474-1A3956D46DE8}") = "Fiscal", "Fiscal", "{EFE68057-6AC6-4BCC-AD41-CA85F08FBAD5}"
EndProject
Project("{2150E333-8FDC-42A3-9474-1A3956D46DE8}") = "Pagamentos", "Pagamentos", "{63E33319-9374-4678-A2DA-51A5C6BFA05E}"
EndProject
Project("{2150E333-8FDC-42A3-9474-1A3956D46DE8}") = "Vendas", "Vendas", "{E72215D0-8350-411C-A1E5-07F14108554F}"
EndProject
Project("{FAE04EC0-301F-11D3-BF4B-00C04F79EFBC}") = "NerdStote.Catalogo.Domain", "src\NerdStote.Catalogo.Domain\NerdStote.Catalogo.Domain.csproj", "{65B3F1C1-C660-41A7-A906-2BD52CC379D5}"
EndProject
Project("{FAE04EC0-301F-11D3-BF4B-00C04F79EFBC}") = "NerdStore.Core", "src\NerdStore.Core\NerdStore.Core.csproj", "{AC1FECC7-F58C-47C6-B53B-522FE20E1B09}"
EndProject
Global
	GlobalSection(SolutionConfigurationPlatforms) = preSolution
		Debug|Any CPU = Debug|Any CPU
		Release|Any CPU = Release|Any CPU
	EndGlobalSection
	GlobalSection(ProjectConfigurationPlatforms) = postSolution
		{65B3F1C1-C660-41A7-A906-2BD52CC379D5}.Debug|Any CPU.ActiveCfg = Debug|Any CPU
		{65B3F1C1-C660-41A7-A906-2BD52CC379D5}.Debug|Any CPU.Build.0 = Debug|Any CPU
		{65B3F1C1-C660-41A7-A906-2BD52CC379D5}.Release|Any CPU.ActiveCfg = Release|Any CPU
		{65B3F1C1-C660-41A7-A906-2BD52CC379D5}.Release|Any CPU.Build.0 = Release|Any CPU
		{AC1FECC7-F58C-47C6-B53B-522FE20E1B09}.Debug|Any CPU.ActiveCfg = Debug|Any CPU
		{AC1FECC7-F58C-47C6-B53B-522FE20E1B09}.Debug|Any CPU.Build.0 = Debug|Any CPU
		{AC1FECC7-F58C-47C6-B53B-522FE20E1B09}.Release|Any CPU.ActiveCfg = Release|Any CPU
		{AC1FECC7-F58C-47C6-B53B-522FE20E1B09}.Release|Any CPU.Build.0 = Release|Any CPU
	EndGlobalSection
	GlobalSection(SolutionProperties) = preSolution
		HideSolutionNode = FALSE
	EndGlobalSection
	GlobalSection(NestedProjects) = preSolution
		{07F12B3B-7C75-4CBE-88A4-0750E6680D52} = {50EC8F7D-7C00-4784-A8A8-4A211DCEF2E9}
		{4E877062-90F1-4F20-9FF8-D3E710B20223} = {50EC8F7D-7C00-4784-A8A8-4A211DCEF2E9}
		{6448F61F-BB89-44A6-A35C-8E88EA846E43} = {50EC8F7D-7C00-4784-A8A8-4A211DCEF2E9}
		{EFE68057-6AC6-4BCC-AD41-CA85F08FBAD5} = {50EC8F7D-7C00-4784-A8A8-4A211DCEF2E9}
		{63E33319-9374-4678-A2DA-51A5C6BFA05E} = {50EC8F7D-7C00-4784-A8A8-4A211DCEF2E9}
		{E72215D0-8350-411C-A1E5-07F14108554F} = {50EC8F7D-7C00-4784-A8A8-4A211DCEF2E9}
		{65B3F1C1-C660-41A7-A906-2BD52CC379D5} = {4E877062-90F1-4F20-9FF8-D3E710B20223}
		{AC1FECC7-F58C-47C6-B53B-522FE20E1B09} = {6448F61F-BB89-44A6-A35C-8E88EA846E43}
	EndGlobalSection
	GlobalSection(ExtensibilityGlobals) = postSolution
		SolutionGuid = {BAC2D842-94F4-4328-855C-0DA9C084D8B2}
	EndGlobalSection
EndGlobal
